
Microsoft Visual Studio Solution File, Format Version 12.00
# Visual Studio Version 16
VisualStudioVersion = 16.0.30523.141
MinimumVisualStudioVersion = 10.0.40219.1
Project("{9A19103F-16F7-4668-BE54-9A1E7A4F7556}") = "PiHealth.Core", "PiHealth.Core\PiHealth.Core.csproj", "{E8FA7C7D-77A6-47DD-BC6E-F83D811DD8E0}"
EndProject
Project("{9A19103F-16F7-4668-BE54-9A1E7A4F7556}") = "PiHealth.DataModel", "PiHealth.DataModel\PiHealth.DataModel.csproj", "{27DF2582-702A-4753-AC5E-3C5D9238F8D8}"
EndProject
Project("{9A19103F-16F7-4668-BE54-9A1E7A4F7556}") = "PiHealth.WebInfra", "PiHealth.WebInfra\PiHealth.WebInfra.csproj", "{45800F6A-03F1-444B-9866-35290E870831}"
EndProject
Project("{9A19103F-16F7-4668-BE54-9A1E7A4F7556}") = "PiHealth.Services", "PiHealth.Services\PiHealth.Services.csproj", "{A02F8F4E-A8E7-4BD9-9A06-8095ADD2D48E}"
EndProject
Project("{FAE04EC0-301F-11D3-BF4B-00C04F79EFBC}") = "PiHealth", "PiHealth\PiHealth.csproj", "{E2A121AE-6AA2-4445-9B48-D1755732B479}"
EndProject
Global
	GlobalSection(SolutionConfigurationPlatforms) = preSolution
		Debug|Any CPU = Debug|Any CPU
		Release|Any CPU = Release|Any CPU
	EndGlobalSection
	GlobalSection(ProjectConfigurationPlatforms) = postSolution
		{E8FA7C7D-77A6-47DD-BC6E-F83D811DD8E0}.Debug|Any CPU.ActiveCfg = Debug|Any CPU
		{E8FA7C7D-77A6-47DD-BC6E-F83D811DD8E0}.Debug|Any CPU.Build.0 = Debug|Any CPU
		{E8FA7C7D-77A6-47DD-BC6E-F83D811DD8E0}.Release|Any CPU.ActiveCfg = Release|Any CPU
		{E8FA7C7D-77A6-47DD-BC6E-F83D811DD8E0}.Release|Any CPU.Build.0 = Release|Any CPU
		{27DF2582-702A-4753-AC5E-3C5D9238F8D8}.Debug|Any CPU.ActiveCfg = Debug|Any CPU
		{27DF2582-702A-4753-AC5E-3C5D9238F8D8}.Debug|Any CPU.Build.0 = Debug|Any CPU
		{27DF2582-702A-4753-AC5E-3C5D9238F8D8}.Release|Any CPU.ActiveCfg = Release|Any CPU
		{27DF2582-702A-4753-AC5E-3C5D9238F8D8}.Release|Any CPU.Build.0 = Release|Any CPU
		{45800F6A-03F1-444B-9866-35290E870831}.Debug|Any CPU.ActiveCfg = Debug|Any CPU
		{45800F6A-03F1-444B-9866-35290E870831}.Debug|Any CPU.Build.0 = Debug|Any CPU
		{45800F6A-03F1-444B-9866-35290E870831}.Release|Any CPU.ActiveCfg = Release|Any CPU
		{45800F6A-03F1-444B-9866-35290E870831}.Release|Any CPU.Build.0 = Release|Any CPU
		{A02F8F4E-A8E7-4BD9-9A06-8095ADD2D48E}.Debug|Any CPU.ActiveCfg = Debug|Any CPU
		{A02F8F4E-A8E7-4BD9-9A06-8095ADD2D48E}.Debug|Any CPU.Build.0 = Debug|Any CPU
		{A02F8F4E-A8E7-4BD9-9A06-8095ADD2D48E}.Release|Any CPU.ActiveCfg = Release|Any CPU
		{A02F8F4E-A8E7-4BD9-9A06-8095ADD2D48E}.Release|Any CPU.Build.0 = Release|Any CPU
		{E2A121AE-6AA2-4445-9B48-D1755732B479}.Debug|Any CPU.ActiveCfg = Debug|Any CPU
		{E2A121AE-6AA2-4445-9B48-D1755732B479}.Debug|Any CPU.Build.0 = Debug|Any CPU
		{E2A121AE-6AA2-4445-9B48-D1755732B479}.Release|Any CPU.ActiveCfg = Release|Any CPU
		{E2A121AE-6AA2-4445-9B48-D1755732B479}.Release|Any CPU.Build.0 = Release|Any CPU
	EndGlobalSection
	GlobalSection(SolutionProperties) = preSolution
		HideSolutionNode = FALSE
	EndGlobalSection
	GlobalSection(ExtensibilityGlobals) = postSolution
		SolutionGuid = {E2F17CC6-1B54-4D2F-B1DE-5D403D3C5B6D}
	EndGlobalSection
EndGlobal
